// !$*UTF8*$!
{
	archiveVersion = 1;
	classes = {
	};
	objectVersion = 55;
	objects = {

/* Begin PBXBuildFile section */
		A7254F99272EA18600D8D431 /* AppDelegate.m in Sources */ = {isa = PBXBuildFile; fileRef = A7254F98272EA18600D8D431 /* AppDelegate.m */; };
		A7254F9C272EA18600D8D431 /* SceneDelegate.m in Sources */ = {isa = PBXBuildFile; fileRef = A7254F9B272EA18600D8D431 /* SceneDelegate.m */; };
		A7254F9F272EA18600D8D431 /* ViewController.m in Sources */ = {isa = PBXBuildFile; fileRef = A7254F9E272EA18600D8D431 /* ViewController.m */; };
		A7254FA2272EA18600D8D431 /* Main.storyboard in Resources */ = {isa = PBXBuildFile; fileRef = A7254FA0272EA18600D8D431 /* Main.storyboard */; };
		A7254FA4272EA18B00D8D431 /* Assets.xcassets in Resources */ = {isa = PBXBuildFile; fileRef = A7254FA3272EA18B00D8D431 /* Assets.xcassets */; };
		A7254FA7272EA18B00D8D431 /* LaunchScreen.storyboard in Resources */ = {isa = PBXBuildFile; fileRef = A7254FA5272EA18B00D8D431 /* LaunchScreen.storyboard */; };
		A7254FAA272EA18B00D8D431 /* main.m in Sources */ = {isa = PBXBuildFile; fileRef = A7254FA9272EA18B00D8D431 /* main.m */; };
		A7254FB4272EA18B00D8D431 /* TwoSumTests.m in Sources */ = {isa = PBXBuildFile; fileRef = A7254FB3272EA18B00D8D431 /* TwoSumTests.m */; };
		A7254FBE272EA18B00D8D431 /* TwoSumUITests.m in Sources */ = {isa = PBXBuildFile; fileRef = A7254FBD272EA18B00D8D431 /* TwoSumUITests.m */; };
		A7254FC0272EA18B00D8D431 /* TwoSumUITestsLaunchTests.m in Sources */ = {isa = PBXBuildFile; fileRef = A7254FBF272EA18B00D8D431 /* TwoSumUITestsLaunchTests.m */; };
/* End PBXBuildFile section */

/* Begin PBXContainerItemProxy section */
		A7254FB0272EA18B00D8D431 /* PBXContainerItemProxy */ = {
			isa = PBXContainerItemProxy;
			containerPortal = A7254F8C272EA18500D8D431 /* Project object */;
			proxyType = 1;
			remoteGlobalIDString = A7254F93272EA18600D8D431;
			remoteInfo = TwoSum;
		};
		A7254FBA272EA18B00D8D431 /* PBXContainerItemProxy */ = {
			isa = PBXContainerItemProxy;
			containerPortal = A7254F8C272EA18500D8D431 /* Project object */;
			proxyType = 1;
			remoteGlobalIDString = A7254F93272EA18600D8D431;
			remoteInfo = TwoSum;
		};
/* End PBXContainerItemProxy section */

/* Begin PBXFileReference section */
		A7254F94272EA18600D8D431 /* TwoSum.app */ = {isa = PBXFileReference; explicitFileType = wrapper.application; includeInIndex = 0; path = TwoSum.app; sourceTree = BUILT_PRODUCTS_DIR; };
		A7254F97272EA18600D8D431 /* AppDelegate.h */ = {isa = PBXFileReference; lastKnownFileType = sourcecode.c.h; path = AppDelegate.h; sourceTree = "<group>"; };
		A7254F98272EA18600D8D431 /* AppDelegate.m */ = {isa = PBXFileReference; lastKnownFileType = sourcecode.c.objc; path = AppDelegate.m; sourceTree = "<group>"; };
		A7254F9A272EA18600D8D431 /* SceneDelegate.h */ = {isa = PBXFileReference; lastKnownFileType = sourcecode.c.h; path = SceneDelegate.h; sourceTree = "<group>"; };
		A7254F9B272EA18600D8D431 /* SceneDelegate.m */ = {isa = PBXFileReference; lastKnownFileType = sourcecode.c.objc; path = SceneDelegate.m; sourceTree = "<group>"; };
		A7254F9D272EA18600D8D431 /* ViewController.h */ = {isa = PBXFileReference; lastKnownFileType = sourcecode.c.h; path = ViewController.h; sourceTree = "<group>"; };
		A7254F9E272EA18600D8D431 /* ViewController.m */ = {isa = PBXFileReference; lastKnownFileType = sourcecode.c.objc; path = ViewController.m; sourceTree = "<group>"; };
		A7254FA1272EA18600D8D431 /* Base */ = {isa = PBXFileReference; lastKnownFileType = file.storyboard; name = Base; path = Base.lproj/Main.storyboard; sourceTree = "<group>"; };
		A7254FA3272EA18B00D8D431 /* Assets.xcassets */ = {isa = PBXFileReference; lastKnownFileType = folder.assetcatalog; path = Assets.xcassets; sourceTree = "<group>"; };
		A7254FA6272EA18B00D8D431 /* Base */ = {isa = PBXFileReference; lastKnownFileType = file.storyboard; name = Base; path = Base.lproj/LaunchScreen.storyboard; sourceTree = "<group>"; };
		A7254FA8272EA18B00D8D431 /* Info.plist */ = {isa = PBXFileReference; lastKnownFileType = text.plist.xml; path = Info.plist; sourceTree = "<group>"; };
		A7254FA9272EA18B00D8D431 /* main.m */ = {isa = PBXFileReference; lastKnownFileType = sourcecode.c.objc; path = main.m; sourceTree = "<group>"; };
		A7254FAF272EA18B00D8D431 /* TwoSumTests.xctest */ = {isa = PBXFileReference; explicitFileType = wrapper.cfbundle; includeInIndex = 0; path = TwoSumTests.xctest; sourceTree = BUILT_PRODUCTS_DIR; };
		A7254FB3272EA18B00D8D431 /* TwoSumTests.m */ = {isa = PBXFileReference; lastKnownFileType = sourcecode.c.objc; path = TwoSumTests.m; sourceTree = "<group>"; };
		A7254FB9272EA18B00D8D431 /* TwoSumUITests.xctest */ = {isa = PBXFileReference; explicitFileType = wrapper.cfbundle; includeInIndex = 0; path = TwoSumUITests.xctest; sourceTree = BUILT_PRODUCTS_DIR; };
		A7254FBD272EA18B00D8D431 /* TwoSumUITests.m */ = {isa = PBXFileReference; lastKnownFileType = sourcecode.c.objc; path = TwoSumUITests.m; sourceTree = "<group>"; };
		A7254FBF272EA18B00D8D431 /* TwoSumUITestsLaunchTests.m */ = {isa = PBXFileReference; lastKnownFileType = sourcecode.c.objc; path = TwoSumUITestsLaunchTests.m; sourceTree = "<group>"; };
/* End PBXFileReference section */

/* Begin PBXFrameworksBuildPhase section */
		A7254F91272EA18600D8D431 /* Frameworks */ = {
			isa = PBXFrameworksBuildPhase;
			buildActionMask = 2147483647;
			files = (
			);
			runOnlyForDeploymentPostprocessing = 0;
		};
		A7254FAC272EA18B00D8D431 /* Frameworks */ = {
			isa = PBXFrameworksBuildPhase;
			buildActionMask = 2147483647;
			files = (
			);
			runOnlyForDeploymentPostprocessing = 0;
		};
		A7254FB6272EA18B00D8D431 /* Frameworks */ = {
			isa = PBXFrameworksBuildPhase;
			buildActionMask = 2147483647;
			files = (
			);
			runOnlyForDeploymentPostprocessing = 0;
		};
/* End PBXFrameworksBuildPhase section */

/* Begin PBXGroup section */
		A7254F8B272EA18500D8D431 = {
			isa = PBXGroup;
			children = (
				A7254F96272EA18600D8D431 /* TwoSum */,
				A7254FB2272EA18B00D8D431 /* TwoSumTests */,
				A7254FBC272EA18B00D8D431 /* TwoSumUITests */,
				A7254F95272EA18600D8D431 /* Products */,
			);
			sourceTree = "<group>";
		};
		A7254F95272EA18600D8D431 /* Products */ = {
			isa = PBXGroup;
			children = (
				A7254F94272EA18600D8D431 /* TwoSum.app */,
				A7254FAF272EA18B00D8D431 /* TwoSumTests.xctest */,
				A7254FB9272EA18B00D8D431 /* TwoSumUITests.xctest */,
			);
			name = Products;
			sourceTree = "<group>";
		};
		A7254F96272EA18600D8D431 /* TwoSum */ = {
			isa = PBXGroup;
			children = (
				A7254F97272EA18600D8D431 /* AppDelegate.h */,
				A7254F98272EA18600D8D431 /* AppDelegate.m */,
				A7254F9A272EA18600D8D431 /* SceneDelegate.h */,
				A7254F9B272EA18600D8D431 /* SceneDelegate.m */,
				A7254F9D272EA18600D8D431 /* ViewController.h */,
				A7254F9E272EA18600D8D431 /* ViewController.m */,
				A7254FA0272EA18600D8D431 /* Main.storyboard */,
				A7254FA3272EA18B00D8D431 /* Assets.xcassets */,
				A7254FA5272EA18B00D8D431 /* LaunchScreen.storyboard */,
				A7254FA8272EA18B00D8D431 /* Info.plist */,
				A7254FA9272EA18B00D8D431 /* main.m */,
			);
			path = TwoSum;
			sourceTree = "<group>";
		};
		A7254FB2272EA18B00D8D431 /* TwoSumTests */ = {
			isa = PBXGroup;
			children = (
				A7254FB3272EA18B00D8D431 /* TwoSumTests.m */,
			);
			path = TwoSumTests;
			sourceTree = "<group>";
		};
		A7254FBC272EA18B00D8D431 /* TwoSumUITests */ = {
			isa = PBXGroup;
			children = (
				A7254FBD272EA18B00D8D431 /* TwoSumUITests.m */,
				A7254FBF272EA18B00D8D431 /* TwoSumUITestsLaunchTests.m */,
			);
			path = TwoSumUITests;
			sourceTree = "<group>";
		};
/* End PBXGroup section */

/* Begin PBXNativeTarget section */
		A7254F93272EA18600D8D431 /* TwoSum */ = {
			isa = PBXNativeTarget;
			buildConfigurationList = A7254FC3272EA18B00D8D431 /* Build configuration list for PBXNativeTarget "TwoSum" */;
			buildPhases = (
				A7254F90272EA18600D8D431 /* Sources */,
				A7254F91272EA18600D8D431 /* Frameworks */,
				A7254F92272EA18600D8D431 /* Resources */,
			);
			buildRules = (
			);
			dependencies = (
			);
			name = TwoSum;
			productName = TwoSum;
			productReference = A7254F94272EA18600D8D431 /* TwoSum.app */;
			productType = "com.apple.product-type.application";
		};
		A7254FAE272EA18B00D8D431 /* TwoSumTests */ = {
			isa = PBXNativeTarget;
			buildConfigurationList = A7254FC6272EA18B00D8D431 /* Build configuration list for PBXNativeTarget "TwoSumTests" */;
			buildPhases = (
				A7254FAB272EA18B00D8D431 /* Sources */,
				A7254FAC272EA18B00D8D431 /* Frameworks */,
				A7254FAD272EA18B00D8D431 /* Resources */,
			);
			buildRules = (
			);
			dependencies = (
				A7254FB1272EA18B00D8D431 /* PBXTargetDependency */,
			);
			name = TwoSumTests;
			productName = TwoSumTests;
			productReference = A7254FAF272EA18B00D8D431 /* TwoSumTests.xctest */;
			productType = "com.apple.product-type.bundle.unit-test";
		};
		A7254FB8272EA18B00D8D431 /* TwoSumUITests */ = {
			isa = PBXNativeTarget;
			buildConfigurationList = A7254FC9272EA18B00D8D431 /* Build configuration list for PBXNativeTarget "TwoSumUITests" */;
			buildPhases = (
				A7254FB5272EA18B00D8D431 /* Sources */,
				A7254FB6272EA18B00D8D431 /* Frameworks */,
				A7254FB7272EA18B00D8D431 /* Resources */,
			);
			buildRules = (
			);
			dependencies = (
				A7254FBB272EA18B00D8D431 /* PBXTargetDependency */,
			);
			name = TwoSumUITests;
			productName = TwoSumUITests;
			productReference = A7254FB9272EA18B00D8D431 /* TwoSumUITests.xctest */;
			productType = "com.apple.product-type.bundle.ui-testing";
		};
/* End PBXNativeTarget section */

/* Begin PBXProject section */
		A7254F8C272EA18500D8D431 /* Project object */ = {
			isa = PBXProject;
			attributes = {
				BuildIndependentTargetsInParallel = 1;
				LastUpgradeCheck = 1310;
				TargetAttributes = {
					A7254F93272EA18600D8D431 = {
						CreatedOnToolsVersion = 13.1;
					};
					A7254FAE272EA18B00D8D431 = {
						CreatedOnToolsVersion = 13.1;
						TestTargetID = A7254F93272EA18600D8D431;
					};
					A7254FB8272EA18B00D8D431 = {
						CreatedOnToolsVersion = 13.1;
						TestTargetID = A7254F93272EA18600D8D431;
					};
				};
			};
			buildConfigurationList = A7254F8F272EA18500D8D431 /* Build configuration list for PBXProject "TwoSum" */;
			compatibilityVersion = "Xcode 13.0";
			developmentRegion = en;
			hasScannedForEncodings = 0;
			knownRegions = (
				en,
				Base,
			);
			mainGroup = A7254F8B272EA18500D8D431;
			productRefGroup = A7254F95272EA18600D8D431 /* Products */;
			projectDirPath = "";
			projectRoot = "";
			targets = (
				A7254F93272EA18600D8D431 /* TwoSum */,
				A7254FAE272EA18B00D8D431 /* TwoSumTests */,
				A7254FB8272EA18B00D8D431 /* TwoSumUITests */,
			);
		};
/* End PBXProject section */

/* Begin PBXResourcesBuildPhase section */
		A7254F92272EA18600D8D431 /* Resources */ = {
			isa = PBXResourcesBuildPhase;
			buildActionMask = 2147483647;
			files = (
				A7254FA7272EA18B00D8D431 /* LaunchScreen.storyboard in Resources */,
				A7254FA4272EA18B00D8D431 /* Assets.xcassets in Resources */,
				A7254FA2272EA18600D8D431 /* Main.storyboard in Resources */,
			);
			runOnlyForDeploymentPostprocessing = 0;
		};
		A7254FAD272EA18B00D8D431 /* Resources */ = {
			isa = PBXResourcesBuildPhase;
			buildActionMask = 2147483647;
			files = (
			);
			runOnlyForDeploymentPostprocessing = 0;
		};
		A7254FB7272EA18B00D8D431 /* Resources */ = {
			isa = PBXResourcesBuildPhase;
			buildActionMask = 2147483647;
			files = (
			);
			runOnlyForDeploymentPostprocessing = 0;
		};
/* End PBXResourcesBuildPhase section */

/* Begin PBXSourcesBuildPhase section */
		A7254F90272EA18600D8D431 /* Sources */ = {
			isa = PBXSourcesBuildPhase;
			buildActionMask = 2147483647;
			files = (
				A7254F9F272EA18600D8D431 /* ViewController.m in Sources */,
				A7254F99272EA18600D8D431 /* AppDelegate.m in Sources */,
				A7254FAA272EA18B00D8D431 /* main.m in Sources */,
				A7254F9C272EA18600D8D431 /* SceneDelegate.m in Sources */,
			);
			runOnlyForDeploymentPostprocessing = 0;
		};
		A7254FAB272EA18B00D8D431 /* Sources */ = {
			isa = PBXSourcesBuildPhase;
			buildActionMask = 2147483647;
			files = (
				A7254FB4272EA18B00D8D431 /* TwoSumTests.m in Sources */,
			);
			runOnlyForDeploymentPostprocessing = 0;
		};
		A7254FB5272EA18B00D8D431 /* Sources */ = {
			isa = PBXSourcesBuildPhase;
			buildActionMask = 2147483647;
			files = (
				A7254FBE272EA18B00D8D431 /* TwoSumUITests.m in Sources */,
				A7254FC0272EA18B00D8D431 /* TwoSumUITestsLaunchTests.m in Sources */,
			);
			runOnlyForDeploymentPostprocessing = 0;
		};
/* End PBXSourcesBuildPhase section */

/* Begin PBXTargetDependency section */
		A7254FB1272EA18B00D8D431 /* PBXTargetDependency */ = {
			isa = PBXTargetDependency;
			target = A7254F93272EA18600D8D431 /* TwoSum */;
			targetProxy = A7254FB0272EA18B00D8D431 /* PBXContainerItemProxy */;
		};
		A7254FBB272EA18B00D8D431 /* PBXTargetDependency */ = {
			isa = PBXTargetDependency;
			target = A7254F93272EA18600D8D431 /* TwoSum */;
			targetProxy = A7254FBA272EA18B00D8D431 /* PBXContainerItemProxy */;
		};
/* End PBXTargetDependency section */

/* Begin PBXVariantGroup section */
		A7254FA0272EA18600D8D431 /* Main.storyboard */ = {
			isa = PBXVariantGroup;
			children = (
				A7254FA1272EA18600D8D431 /* Base */,
			);
			name = Main.storyboard;
			sourceTree = "<group>";
		};
		A7254FA5272EA18B00D8D431 /* LaunchScreen.storyboard */ = {
			isa = PBXVariantGroup;
			children = (
				A7254FA6272EA18B00D8D431 /* Base */,
			);
			name = LaunchScreen.storyboard;
			sourceTree = "<group>";
		};
/* End PBXVariantGroup section */

/* Begin XCBuildConfiguration section */
		A7254FC1272EA18B00D8D431 /* Debug */ = {
			isa = XCBuildConfiguration;
			buildSettings = {
				ALWAYS_SEARCH_USER_PATHS = NO;
				CLANG_ANALYZER_NONNULL = YES;
				CLANG_ANALYZER_NUMBER_OBJECT_CONVERSION = YES_AGGRESSIVE;
				CLANG_CXX_LANGUAGE_STANDARD = "gnu++17";
				CLANG_CXX_LIBRARY = "libc++";
				CLANG_ENABLE_MODULES = YES;
				CLANG_ENABLE_OBJC_ARC = YES;
				CLANG_ENABLE_OBJC_WEAK = YES;
				CLANG_WARN_BLOCK_CAPTURE_AUTORELEASING = YES;
				CLANG_WARN_BOOL_CONVERSION = YES;
				CLANG_WARN_COMMA = YES;
				CLANG_WARN_CONSTANT_CONVERSION = YES;
				CLANG_WARN_DEPRECATED_OBJC_IMPLEMENTATIONS = YES;
				CLANG_WARN_DIRECT_OBJC_ISA_USAGE = YES_ERROR;
				CLANG_WARN_DOCUMENTATION_COMMENTS = YES;
				CLANG_WARN_EMPTY_BODY = YES;
				CLANG_WARN_ENUM_CONVERSION = YES;
				CLANG_WARN_INFINITE_RECURSION = YES;
				CLANG_WARN_INT_CONVERSION = YES;
				CLANG_WARN_NON_LITERAL_NULL_CONVERSION = YES;
				CLANG_WARN_OBJC_IMPLICIT_RETAIN_SELF = YES;
				CLANG_WARN_OBJC_LITERAL_CONVERSION = YES;
				CLANG_WARN_OBJC_ROOT_CLASS = YES_ERROR;
				CLANG_WARN_QUOTED_INCLUDE_IN_FRAMEWORK_HEADER = YES;
				CLANG_WARN_RANGE_LOOP_ANALYSIS = YES;
				CLANG_WARN_STRICT_PROTOTYPES = YES;
				CLANG_WARN_SUSPICIOUS_MOVE = YES;
				CLANG_WARN_UNGUARDED_AVAILABILITY = YES_AGGRESSIVE;
				CLANG_WARN_UNREACHABLE_CODE = YES;
				CLANG_WARN__DUPLICATE_METHOD_MATCH = YES;
				COPY_PHASE_STRIP = NO;
				DEBUG_INFORMATION_FORMAT = dwarf;
				ENABLE_STRICT_OBJC_MSGSEND = YES;
				ENABLE_TESTABILITY = YES;
				GCC_C_LANGUAGE_STANDARD = gnu11;
				GCC_DYNAMIC_NO_PIC = NO;
				GCC_NO_COMMON_BLOCKS = YES;
				GCC_OPTIMIZATION_LEVEL = 0;
				GCC_PREPROCESSOR_DEFINITIONS = (
					"DEBUG=1",
					"$(inherited)",
				);
				GCC_WARN_64_TO_32_BIT_CONVERSION = YES;
				GCC_WARN_ABOUT_RETURN_TYPE = YES_ERROR;
				GCC_WARN_UNDECLARED_SELECTOR = YES;
				GCC_WARN_UNINITIALIZED_AUTOS = YES_AGGRESSIVE;
				GCC_WARN_UNUSED_FUNCTION = YES;
				GCC_WARN_UNUSED_VARIABLE = YES;
				IPHONEOS_DEPLOYMENT_TARGET = 15.0;
				MTL_ENABLE_DEBUG_INFO = INCLUDE_SOURCE;
				MTL_FAST_MATH = YES;
				ONLY_ACTIVE_ARCH = YES;
				SDKROOT = iphoneos;
			};
			name = Debug;
		};
		A7254FC2272EA18B00D8D431 /* Release */ = {
			isa = XCBuildConfiguration;
			buildSettings = {
				ALWAYS_SEARCH_USER_PATHS = NO;
				CLANG_ANALYZER_NONNULL = YES;
				CLANG_ANALYZER_NUMBER_OBJECT_CONVERSION = YES_AGGRESSIVE;
				CLANG_CXX_LANGUAGE_STANDARD = "gnu++17";
				CLANG_CXX_LIBRARY = "libc++";
				CLANG_ENABLE_MODULES = YES;
				CLANG_ENABLE_OBJC_ARC = YES;
				CLANG_ENABLE_OBJC_WEAK = YES;
				CLANG_WARN_BLOCK_CAPTURE_AUTORELEASING = YES;
				CLANG_WARN_BOOL_CONVERSION = YES;
				CLANG_WARN_COMMA = YES;
				CLANG_WARN_CONSTANT_CONVERSION = YES;
				CLANG_WARN_DEPRECATED_OBJC_IMPLEMENTATIONS = YES;
				CLANG_WARN_DIRECT_OBJC_ISA_USAGE = YES_ERROR;
				CLANG_WARN_DOCUMENTATION_COMMENTS = YES;
				CLANG_WARN_EMPTY_BODY = YES;
				CLANG_WARN_ENUM_CONVERSION = YES;
				CLANG_WARN_INFINITE_RECURSION = YES;
				CLANG_WARN_INT_CONVERSION = YES;
				CLANG_WARN_NON_LITERAL_NULL_CONVERSION = YES;
				CLANG_WARN_OBJC_IMPLICIT_RETAIN_SELF = YES;
				CLANG_WARN_OBJC_LITERAL_CONVERSION = YES;
				CLANG_WARN_OBJC_ROOT_CLASS = YES_ERROR;
				CLANG_WARN_QUOTED_INCLUDE_IN_FRAMEWORK_HEADER = YES;
				CLANG_WARN_RANGE_LOOP_ANALYSIS = YES;
				CLANG_WARN_STRICT_PROTOTYPES = YES;
				CLANG_WARN_SUSPICIOUS_MOVE = YES;
				CLANG_WARN_UNGUARDED_AVAILABILITY = YES_AGGRESSIVE;
				CLANG_WARN_UNREACHABLE_CODE = YES;
				CLANG_WARN__DUPLICATE_METHOD_MATCH = YES;
				COPY_PHASE_STRIP = NO;
				DEBUG_INFORMATION_FORMAT = "dwarf-with-dsym";
				ENABLE_NS_ASSERTIONS = NO;
				ENABLE_STRICT_OBJC_MSGSEND = YES;
				GCC_C_LANGUAGE_STANDARD = gnu11;
				GCC_NO_COMMON_BLOCKS = YES;
				GCC_WARN_64_TO_32_BIT_CONVERSION = YES;
				GCC_WARN_ABOUT_RETURN_TYPE = YES_ERROR;
				GCC_WARN_UNDECLARED_SELECTOR = YES;
				GCC_WARN_UNINITIALIZED_AUTOS = YES_AGGRESSIVE;
				GCC_WARN_UNUSED_FUNCTION = YES;
				GCC_WARN_UNUSED_VARIABLE = YES;
				IPHONEOS_DEPLOYMENT_TARGET = 15.0;
				MTL_ENABLE_DEBUG_INFO = NO;
				MTL_FAST_MATH = YES;
				SDKROOT = iphoneos;
				VALIDATE_PRODUCT = YES;
			};
			name = Release;
		};
		A7254FC4272EA18B00D8D431 /* Debug */ = {
			isa = XCBuildConfiguration;
			buildSettings = {
				ASSETCATALOG_COMPILER_APPICON_NAME = AppIcon;
				ASSETCATALOG_COMPILER_GLOBAL_ACCENT_COLOR_NAME = AccentColor;
				CODE_SIGN_STYLE = Automatic;
				CURRENT_PROJECT_VERSION = 1;
				DEVELOPMENT_TEAM = 5298RPP2G8;
				GENERATE_INFOPLIST_FILE = YES;
				INFOPLIST_FILE = TwoSum/Info.plist;
				INFOPLIST_KEY_UIApplicationSupportsIndirectInputEvents = YES;
				INFOPLIST_KEY_UILaunchStoryboardName = LaunchScreen;
				INFOPLIST_KEY_UIMainStoryboardFile = Main;
				INFOPLIST_KEY_UISupportedInterfaceOrientations_iPad = "UIInterfaceOrientationPortrait UIInterfaceOrientationPortraitUpsideDown UIInterfaceOrientationLandscapeLeft UIInterfaceOrientationLandscapeRight";
				INFOPLIST_KEY_UISupportedInterfaceOrientations_iPhone = "UIInterfaceOrientationPortrait UIInterfaceOrientationLandscapeLeft UIInterfaceOrientationLandscapeRight";
				LD_RUNPATH_SEARCH_PATHS = (
					"$(inherited)",
					"@executable_path/Frameworks",
				);
				MARKETING_VERSION = 1.0;
				PRODUCT_BUNDLE_IDENTIFIER = com.jxt.TwoSum;
				PRODUCT_NAME = "$(TARGET_NAME)";
				SWIFT_EMIT_LOC_STRINGS = YES;
				TARGETED_DEVICE_FAMILY = "1,2";
			};
			name = Debug;
		};
		A7254FC5272EA18B00D8D431 /* Release */ = {
			isa = XCBuildConfiguration;
			buildSettings = {
				ASSETCATALOG_COMPILER_APPICON_NAME = AppIcon;
				ASSETCATALOG_COMPILER_GLOBAL_ACCENT_COLOR_NAME = AccentColor;
				CODE_SIGN_STYLE = Automatic;
				CURRENT_PROJECT_VERSION = 1;
				DEVELOPMENT_TEAM = 5298RPP2G8;
				GENERATE_INFOPLIST_FILE = YES;
				INFOPLIST_FILE = TwoSum/Info.plist;
				INFOPLIST_KEY_UIApplicationSupportsIndirectInputEvents = YES;
				INFOPLIST_KEY_UILaunchStoryboardName = LaunchScreen;
				INFOPLIST_KEY_UIMainStoryboardFile = Main;
				INFOPLIST_KEY_UISupportedInterfaceOrientations_iPad = "UIInterfaceOrientationPortrait UIInterfaceOrientationPortraitUpsideDown UIInterfaceOrientationLandscapeLeft UIInterfaceOrientationLandscapeRight";
				INFOPLIST_KEY_UISupportedInterfaceOrientations_iPhone = "UIInterfaceOrientationPortrait UIInterfaceOrientationLandscapeLeft UIInterfaceOrientationLandscapeRight";
				LD_RUNPATH_SEARCH_PATHS = (
					"$(inherited)",
					"@executable_path/Frameworks",
				);
				MARKETING_VERSION = 1.0;
				PRODUCT_BUNDLE_IDENTIFIER = com.jxt.TwoSum;
				PRODUCT_NAME = "$(TARGET_NAME)";
				SWIFT_EMIT_LOC_STRINGS = YES;
				TARGETED_DEVICE_FAMILY = "1,2";
			};
			name = Release;
		};
		A7254FC7272EA18B00D8D431 /* Debug */ = {
			isa = XCBuildConfiguration;
			buildSettings = {
				BUNDLE_LOADER = "$(TEST_HOST)";
				CODE_SIGN_STYLE = Automatic;
				CURRENT_PROJECT_VERSION = 1;
				DEVELOPMENT_TEAM = 5298RPP2G8;
				GENERATE_INFOPLIST_FILE = YES;
				IPHONEOS_DEPLOYMENT_TARGET = 15.0;
				LD_RUNPATH_SEARCH_PATHS = (
					"$(inherited)",
					"@executable_path/Frameworks",
					"@loader_path/Frameworks",
				);
				MARKETING_VERSION = 1.0;
				PRODUCT_BUNDLE_IDENTIFIER = com.jxt.TwoSumTests;
				PRODUCT_NAME = "$(TARGET_NAME)";
				SWIFT_EMIT_LOC_STRINGS = NO;
				TARGETED_DEVICE_FAMILY = "1,2";
				TEST_HOST = "$(BUILT_PRODUCTS_DIR)/TwoSum.app/TwoSum";
			};
			name = Debug;
		};
		A7254FC8272EA18B00D8D431 /* Release */ = {
			isa = XCBuildConfiguration;
			buildSettings = {
				BUNDLE_LOADER = "$(TEST_HOST)";
				CODE_SIGN_STYLE = Automatic;
				CURRENT_PROJECT_VERSION = 1;
				DEVELOPMENT_TEAM = 5298RPP2G8;
				GENERATE_INFOPLIST_FILE = YES;
				IPHONEOS_DEPLOYMENT_TARGET = 15.0;
				LD_RUNPATH_SEARCH_PATHS = (
					"$(inherited)",
					"@executable_path/Frameworks",
					"@loader_path/Frameworks",
				);
				MARKETING_VERSION = 1.0;
				PRODUCT_BUNDLE_IDENTIFIER = com.jxt.TwoSumTests;
				PRODUCT_NAME = "$(TARGET_NAME)";
				SWIFT_EMIT_LOC_STRINGS = NO;
				TARGETED_DEVICE_FAMILY = "1,2";
				TEST_HOST = "$(BUILT_PRODUCTS_DIR)/TwoSum.app/TwoSum";
			};
			name = Release;
		};
		A7254FCA272EA18B00D8D431 /* Debug */ = {
			isa = XCBuildConfiguration;
			buildSettings = {
				CODE_SIGN_STYLE = Automatic;
				CURRENT_PROJECT_VERSION = 1;
				DEVELOPMENT_TEAM = 5298RPP2G8;
				GENERATE_INFOPLIST_FILE = YES;
				LD_RUNPATH_SEARCH_PATHS = (
					"$(inherited)",
					"@executable_path/Frameworks",
					"@loader_path/Frameworks",
				);
				MARKETING_VERSION = 1.0;
				PRODUCT_BUNDLE_IDENTIFIER = com.jxt.TwoSumUITests;
				PRODUCT_NAME = "$(TARGET_NAME)";
				SWIFT_EMIT_LOC_STRINGS = NO;
				TARGETED_DEVICE_FAMILY = "1,2";
				TEST_TARGET_NAME = TwoSum;
			};
			name = Debug;
		};
		A7254FCB272EA18B00D8D431 /* Release */ = {
			isa = XCBuildConfiguration;
			buildSettings = {
				CODE_SIGN_STYLE = Automatic;
				CURRENT_PROJECT_VERSION = 1;
				DEVELOPMENT_TEAM = 5298RPP2G8;
				GENERATE_INFOPLIST_FILE = YES;
				LD_RUNPATH_SEARCH_PATHS = (
					"$(inherited)",
					"@executable_path/Frameworks",
					"@loader_path/Frameworks",
				);
				MARKETING_VERSION = 1.0;
				PRODUCT_BUNDLE_IDENTIFIER = com.jxt.TwoSumUITests;
				PRODUCT_NAME = "$(TARGET_NAME)";
				SWIFT_EMIT_LOC_STRINGS = NO;
				TARGETED_DEVICE_FAMILY = "1,2";
				TEST_TARGET_NAME = TwoSum;
			};
			name = Release;
		};
/* End XCBuildConfiguration section */

/* Begin XCConfigurationList section */
		A7254F8F272EA18500D8D431 /* Build configuration list for PBXProject "TwoSum" */ = {
			isa = XCConfigurationList;
			buildConfigurations = (
				A7254FC1272EA18B00D8D431 /* Debug */,
				A7254FC2272EA18B00D8D431 /* Release */,
			);
			defaultConfigurationIsVisible = 0;
			defaultConfigurationName = Release;
		};
		A7254FC3272EA18B00D8D431 /* Build configuration list for PBXNativeTarget "TwoSum" */ = {
			isa = XCConfigurationList;
			buildConfigurations = (
				A7254FC4272EA18B00D8D431 /* Debug */,
				A7254FC5272EA18B00D8D431 /* Release */,
			);
			defaultConfigurationIsVisible = 0;
			defaultConfigurationName = Release;
		};
		A7254FC6272EA18B00D8D431 /* Build configuration list for PBXNativeTarget "TwoSumTests" */ = {
			isa = XCConfigurationList;
			buildConfigurations = (
				A7254FC7272EA18B00D8D431 /* Debug */,
				A7254FC8272EA18B00D8D431 /* Release */,
			);
			defaultConfigurationIsVisible = 0;
			defaultConfigurationName = Release;
		};
		A7254FC9272EA18B00D8D431 /* Build configuration list for PBXNativeTarget "TwoSumUITests" */ = {
			isa = XCConfigurationList;
			buildConfigurations = (
				A7254FCA272EA18B00D8D431 /* Debug */,
				A7254FCB272EA18B00D8D431 /* Release */,
			);
			defaultConfigurationIsVisible = 0;
			defaultConfigurationName = Release;
		};
/* End XCConfigurationList section */
	};
	rootObject = A7254F8C272EA18500D8D431 /* Project object */;
}
