// !$*UTF8*$!
{
	archiveVersion = 1;
	classes = {
	};
	objectVersion = 55;
	objects = {

/* Begin PBXBuildFile section */
		A7254ED6272D5DE700D8D431 /* AppDelegate.m in Sources */ = {isa = PBXBuildFile; fileRef = A7254ED5272D5DE700D8D431 /* AppDelegate.m */; };
		A7254ED9272D5DE700D8D431 /* SceneDelegate.m in Sources */ = {isa = PBXBuildFile; fileRef = A7254ED8272D5DE700D8D431 /* SceneDelegate.m */; };
		A7254EDC272D5DE700D8D431 /* ViewController.m in Sources */ = {isa = PBXBuildFile; fileRef = A7254EDB272D5DE700D8D431 /* ViewController.m */; };
		A7254EDF272D5DE700D8D431 /* Main.storyboard in Resources */ = {isa = PBXBuildFile; fileRef = A7254EDD272D5DE700D8D431 /* Main.storyboard */; };
		A7254EE1272D5DE900D8D431 /* Assets.xcassets in Resources */ = {isa = PBXBuildFile; fileRef = A7254EE0272D5DE900D8D431 /* Assets.xcassets */; };
		A7254EE4272D5DE900D8D431 /* LaunchScreen.storyboard in Resources */ = {isa = PBXBuildFile; fileRef = A7254EE2272D5DE900D8D431 /* LaunchScreen.storyboard */; };
		A7254EE7272D5DE900D8D431 /* main.m in Sources */ = {isa = PBXBuildFile; fileRef = A7254EE6272D5DE900D8D431 /* main.m */; };
		A7254EF1272D5DEA00D8D431 /* SortedSquaresTests.m in Sources */ = {isa = PBXBuildFile; fileRef = A7254EF0272D5DEA00D8D431 /* SortedSquaresTests.m */; };
		A7254EFB272D5DEA00D8D431 /* SortedSquaresUITests.m in Sources */ = {isa = PBXBuildFile; fileRef = A7254EFA272D5DEA00D8D431 /* SortedSquaresUITests.m */; };
		A7254EFD272D5DEA00D8D431 /* SortedSquaresUITestsLaunchTests.m in Sources */ = {isa = PBXBuildFile; fileRef = A7254EFC272D5DEA00D8D431 /* SortedSquaresUITestsLaunchTests.m */; };
/* End PBXBuildFile section */

/* Begin PBXContainerItemProxy section */
		A7254EED272D5DEA00D8D431 /* PBXContainerItemProxy */ = {
			isa = PBXContainerItemProxy;
			containerPortal = A7254EC9272D5DE700D8D431 /* Project object */;
			proxyType = 1;
			remoteGlobalIDString = A7254ED0272D5DE700D8D431;
			remoteInfo = SortedSquares;
		};
		A7254EF7272D5DEA00D8D431 /* PBXContainerItemProxy */ = {
			isa = PBXContainerItemProxy;
			containerPortal = A7254EC9272D5DE700D8D431 /* Project object */;
			proxyType = 1;
			remoteGlobalIDString = A7254ED0272D5DE700D8D431;
			remoteInfo = SortedSquares;
		};
/* End PBXContainerItemProxy section */

/* Begin PBXFileReference section */
		A7254ED1272D5DE700D8D431 /* SortedSquares.app */ = {isa = PBXFileReference; explicitFileType = wrapper.application; includeInIndex = 0; path = SortedSquares.app; sourceTree = BUILT_PRODUCTS_DIR; };
		A7254ED4272D5DE700D8D431 /* AppDelegate.h */ = {isa = PBXFileReference; lastKnownFileType = sourcecode.c.h; path = AppDelegate.h; sourceTree = "<group>"; };
		A7254ED5272D5DE700D8D431 /* AppDelegate.m */ = {isa = PBXFileReference; lastKnownFileType = sourcecode.c.objc; path = AppDelegate.m; sourceTree = "<group>"; };
		A7254ED7272D5DE700D8D431 /* SceneDelegate.h */ = {isa = PBXFileReference; lastKnownFileType = sourcecode.c.h; path = SceneDelegate.h; sourceTree = "<group>"; };
		A7254ED8272D5DE700D8D431 /* SceneDelegate.m */ = {isa = PBXFileReference; lastKnownFileType = sourcecode.c.objc; path = SceneDelegate.m; sourceTree = "<group>"; };
		A7254EDA272D5DE700D8D431 /* ViewController.h */ = {isa = PBXFileReference; lastKnownFileType = sourcecode.c.h; path = ViewController.h; sourceTree = "<group>"; };
		A7254EDB272D5DE700D8D431 /* ViewController.m */ = {isa = PBXFileReference; lastKnownFileType = sourcecode.c.objc; path = ViewController.m; sourceTree = "<group>"; };
		A7254EDE272D5DE700D8D431 /* Base */ = {isa = PBXFileReference; lastKnownFileType = file.storyboard; name = Base; path = Base.lproj/Main.storyboard; sourceTree = "<group>"; };
		A7254EE0272D5DE900D8D431 /* Assets.xcassets */ = {isa = PBXFileReference; lastKnownFileType = folder.assetcatalog; path = Assets.xcassets; sourceTree = "<group>"; };
		A7254EE3272D5DE900D8D431 /* Base */ = {isa = PBXFileReference; lastKnownFileType = file.storyboard; name = Base; path = Base.lproj/LaunchScreen.storyboard; sourceTree = "<group>"; };
		A7254EE5272D5DE900D8D431 /* Info.plist */ = {isa = PBXFileReference; lastKnownFileType = text.plist.xml; path = Info.plist; sourceTree = "<group>"; };
		A7254EE6272D5DE900D8D431 /* main.m */ = {isa = PBXFileReference; lastKnownFileType = sourcecode.c.objc; path = main.m; sourceTree = "<group>"; };
		A7254EEC272D5DEA00D8D431 /* SortedSquaresTests.xctest */ = {isa = PBXFileReference; explicitFileType = wrapper.cfbundle; includeInIndex = 0; path = SortedSquaresTests.xctest; sourceTree = BUILT_PRODUCTS_DIR; };
		A7254EF0272D5DEA00D8D431 /* SortedSquaresTests.m */ = {isa = PBXFileReference; lastKnownFileType = sourcecode.c.objc; path = SortedSquaresTests.m; sourceTree = "<group>"; };
		A7254EF6272D5DEA00D8D431 /* SortedSquaresUITests.xctest */ = {isa = PBXFileReference; explicitFileType = wrapper.cfbundle; includeInIndex = 0; path = SortedSquaresUITests.xctest; sourceTree = BUILT_PRODUCTS_DIR; };
		A7254EFA272D5DEA00D8D431 /* SortedSquaresUITests.m */ = {isa = PBXFileReference; lastKnownFileType = sourcecode.c.objc; path = SortedSquaresUITests.m; sourceTree = "<group>"; };
		A7254EFC272D5DEA00D8D431 /* SortedSquaresUITestsLaunchTests.m */ = {isa = PBXFileReference; lastKnownFileType = sourcecode.c.objc; path = SortedSquaresUITestsLaunchTests.m; sourceTree = "<group>"; };
/* End PBXFileReference section */

/* Begin PBXFrameworksBuildPhase section */
		A7254ECE272D5DE700D8D431 /* Frameworks */ = {
			isa = PBXFrameworksBuildPhase;
			buildActionMask = 2147483647;
			files = (
			);
			runOnlyForDeploymentPostprocessing = 0;
		};
		A7254EE9272D5DEA00D8D431 /* Frameworks */ = {
			isa = PBXFrameworksBuildPhase;
			buildActionMask = 2147483647;
			files = (
			);
			runOnlyForDeploymentPostprocessing = 0;
		};
		A7254EF3272D5DEA00D8D431 /* Frameworks */ = {
			isa = PBXFrameworksBuildPhase;
			buildActionMask = 2147483647;
			files = (
			);
			runOnlyForDeploymentPostprocessing = 0;
		};
/* End PBXFrameworksBuildPhase section */

/* Begin PBXGroup section */
		A7254EC8272D5DE700D8D431 = {
			isa = PBXGroup;
			children = (
				A7254ED3272D5DE700D8D431 /* SortedSquares */,
				A7254EEF272D5DEA00D8D431 /* SortedSquaresTests */,
				A7254EF9272D5DEA00D8D431 /* SortedSquaresUITests */,
				A7254ED2272D5DE700D8D431 /* Products */,
			);
			sourceTree = "<group>";
		};
		A7254ED2272D5DE700D8D431 /* Products */ = {
			isa = PBXGroup;
			children = (
				A7254ED1272D5DE700D8D431 /* SortedSquares.app */,
				A7254EEC272D5DEA00D8D431 /* SortedSquaresTests.xctest */,
				A7254EF6272D5DEA00D8D431 /* SortedSquaresUITests.xctest */,
			);
			name = Products;
			sourceTree = "<group>";
		};
		A7254ED3272D5DE700D8D431 /* SortedSquares */ = {
			isa = PBXGroup;
			children = (
				A7254ED4272D5DE700D8D431 /* AppDelegate.h */,
				A7254ED5272D5DE700D8D431 /* AppDelegate.m */,
				A7254ED7272D5DE700D8D431 /* SceneDelegate.h */,
				A7254ED8272D5DE700D8D431 /* SceneDelegate.m */,
				A7254EDA272D5DE700D8D431 /* ViewController.h */,
				A7254EDB272D5DE700D8D431 /* ViewController.m */,
				A7254EDD272D5DE700D8D431 /* Main.storyboard */,
				A7254EE0272D5DE900D8D431 /* Assets.xcassets */,
				A7254EE2272D5DE900D8D431 /* LaunchScreen.storyboard */,
				A7254EE5272D5DE900D8D431 /* Info.plist */,
				A7254EE6272D5DE900D8D431 /* main.m */,
			);
			path = SortedSquares;
			sourceTree = "<group>";
		};
		A7254EEF272D5DEA00D8D431 /* SortedSquaresTests */ = {
			isa = PBXGroup;
			children = (
				A7254EF0272D5DEA00D8D431 /* SortedSquaresTests.m */,
			);
			path = SortedSquaresTests;
			sourceTree = "<group>";
		};
		A7254EF9272D5DEA00D8D431 /* SortedSquaresUITests */ = {
			isa = PBXGroup;
			children = (
				A7254EFA272D5DEA00D8D431 /* SortedSquaresUITests.m */,
				A7254EFC272D5DEA00D8D431 /* SortedSquaresUITestsLaunchTests.m */,
			);
			path = SortedSquaresUITests;
			sourceTree = "<group>";
		};
/* End PBXGroup section */

/* Begin PBXNativeTarget section */
		A7254ED0272D5DE700D8D431 /* SortedSquares */ = {
			isa = PBXNativeTarget;
			buildConfigurationList = A7254F00272D5DEA00D8D431 /* Build configuration list for PBXNativeTarget "SortedSquares" */;
			buildPhases = (
				A7254ECD272D5DE700D8D431 /* Sources */,
				A7254ECE272D5DE700D8D431 /* Frameworks */,
				A7254ECF272D5DE700D8D431 /* Resources */,
			);
			buildRules = (
			);
			dependencies = (
			);
			name = SortedSquares;
			productName = SortedSquares;
			productReference = A7254ED1272D5DE700D8D431 /* SortedSquares.app */;
			productType = "com.apple.product-type.application";
		};
		A7254EEB272D5DEA00D8D431 /* SortedSquaresTests */ = {
			isa = PBXNativeTarget;
			buildConfigurationList = A7254F03272D5DEA00D8D431 /* Build configuration list for PBXNativeTarget "SortedSquaresTests" */;
			buildPhases = (
				A7254EE8272D5DEA00D8D431 /* Sources */,
				A7254EE9272D5DEA00D8D431 /* Frameworks */,
				A7254EEA272D5DEA00D8D431 /* Resources */,
			);
			buildRules = (
			);
			dependencies = (
				A7254EEE272D5DEA00D8D431 /* PBXTargetDependency */,
			);
			name = SortedSquaresTests;
			productName = SortedSquaresTests;
			productReference = A7254EEC272D5DEA00D8D431 /* SortedSquaresTests.xctest */;
			productType = "com.apple.product-type.bundle.unit-test";
		};
		A7254EF5272D5DEA00D8D431 /* SortedSquaresUITests */ = {
			isa = PBXNativeTarget;
			buildConfigurationList = A7254F06272D5DEA00D8D431 /* Build configuration list for PBXNativeTarget "SortedSquaresUITests" */;
			buildPhases = (
				A7254EF2272D5DEA00D8D431 /* Sources */,
				A7254EF3272D5DEA00D8D431 /* Frameworks */,
				A7254EF4272D5DEA00D8D431 /* Resources */,
			);
			buildRules = (
			);
			dependencies = (
				A7254EF8272D5DEA00D8D431 /* PBXTargetDependency */,
			);
			name = SortedSquaresUITests;
			productName = SortedSquaresUITests;
			productReference = A7254EF6272D5DEA00D8D431 /* SortedSquaresUITests.xctest */;
			productType = "com.apple.product-type.bundle.ui-testing";
		};
/* End PBXNativeTarget section */

/* Begin PBXProject section */
		A7254EC9272D5DE700D8D431 /* Project object */ = {
			isa = PBXProject;
			attributes = {
				BuildIndependentTargetsInParallel = 1;
				LastUpgradeCheck = 1310;
				TargetAttributes = {
					A7254ED0272D5DE700D8D431 = {
						CreatedOnToolsVersion = 13.1;
					};
					A7254EEB272D5DEA00D8D431 = {
						CreatedOnToolsVersion = 13.1;
						TestTargetID = A7254ED0272D5DE700D8D431;
					};
					A7254EF5272D5DEA00D8D431 = {
						CreatedOnToolsVersion = 13.1;
						TestTargetID = A7254ED0272D5DE700D8D431;
					};
				};
			};
			buildConfigurationList = A7254ECC272D5DE700D8D431 /* Build configuration list for PBXProject "SortedSquares" */;
			compatibilityVersion = "Xcode 13.0";
			developmentRegion = en;
			hasScannedForEncodings = 0;
			knownRegions = (
				en,
				Base,
			);
			mainGroup = A7254EC8272D5DE700D8D431;
			productRefGroup = A7254ED2272D5DE700D8D431 /* Products */;
			projectDirPath = "";
			projectRoot = "";
			targets = (
				A7254ED0272D5DE700D8D431 /* SortedSquares */,
				A7254EEB272D5DEA00D8D431 /* SortedSquaresTests */,
				A7254EF5272D5DEA00D8D431 /* SortedSquaresUITests */,
			);
		};
/* End PBXProject section */

/* Begin PBXResourcesBuildPhase section */
		A7254ECF272D5DE700D8D431 /* Resources */ = {
			isa = PBXResourcesBuildPhase;
			buildActionMask = 2147483647;
			files = (
				A7254EE4272D5DE900D8D431 /* LaunchScreen.storyboard in Resources */,
				A7254EE1272D5DE900D8D431 /* Assets.xcassets in Resources */,
				A7254EDF272D5DE700D8D431 /* Main.storyboard in Resources */,
			);
			runOnlyForDeploymentPostprocessing = 0;
		};
		A7254EEA272D5DEA00D8D431 /* Resources */ = {
			isa = PBXResourcesBuildPhase;
			buildActionMask = 2147483647;
			files = (
			);
			runOnlyForDeploymentPostprocessing = 0;
		};
		A7254EF4272D5DEA00D8D431 /* Resources */ = {
			isa = PBXResourcesBuildPhase;
			buildActionMask = 2147483647;
			files = (
			);
			runOnlyForDeploymentPostprocessing = 0;
		};
/* End PBXResourcesBuildPhase section */

/* Begin PBXSourcesBuildPhase section */
		A7254ECD272D5DE700D8D431 /* Sources */ = {
			isa = PBXSourcesBuildPhase;
			buildActionMask = 2147483647;
			files = (
				A7254EDC272D5DE700D8D431 /* ViewController.m in Sources */,
				A7254ED6272D5DE700D8D431 /* AppDelegate.m in Sources */,
				A7254EE7272D5DE900D8D431 /* main.m in Sources */,
				A7254ED9272D5DE700D8D431 /* SceneDelegate.m in Sources */,
			);
			runOnlyForDeploymentPostprocessing = 0;
		};
		A7254EE8272D5DEA00D8D431 /* Sources */ = {
			isa = PBXSourcesBuildPhase;
			buildActionMask = 2147483647;
			files = (
				A7254EF1272D5DEA00D8D431 /* SortedSquaresTests.m in Sources */,
			);
			runOnlyForDeploymentPostprocessing = 0;
		};
		A7254EF2272D5DEA00D8D431 /* Sources */ = {
			isa = PBXSourcesBuildPhase;
			buildActionMask = 2147483647;
			files = (
				A7254EFD272D5DEA00D8D431 /* SortedSquaresUITestsLaunchTests.m in Sources */,
				A7254EFB272D5DEA00D8D431 /* SortedSquaresUITests.m in Sources */,
			);
			runOnlyForDeploymentPostprocessing = 0;
		};
/* End PBXSourcesBuildPhase section */

/* Begin PBXTargetDependency section */
		A7254EEE272D5DEA00D8D431 /* PBXTargetDependency */ = {
			isa = PBXTargetDependency;
			target = A7254ED0272D5DE700D8D431 /* SortedSquares */;
			targetProxy = A7254EED272D5DEA00D8D431 /* PBXContainerItemProxy */;
		};
		A7254EF8272D5DEA00D8D431 /* PBXTargetDependency */ = {
			isa = PBXTargetDependency;
			target = A7254ED0272D5DE700D8D431 /* SortedSquares */;
			targetProxy = A7254EF7272D5DEA00D8D431 /* PBXContainerItemProxy */;
		};
/* End PBXTargetDependency section */

/* Begin PBXVariantGroup section */
		A7254EDD272D5DE700D8D431 /* Main.storyboard */ = {
			isa = PBXVariantGroup;
			children = (
				A7254EDE272D5DE700D8D431 /* Base */,
			);
			name = Main.storyboard;
			sourceTree = "<group>";
		};
		A7254EE2272D5DE900D8D431 /* LaunchScreen.storyboard */ = {
			isa = PBXVariantGroup;
			children = (
				A7254EE3272D5DE900D8D431 /* Base */,
			);
			name = LaunchScreen.storyboard;
			sourceTree = "<group>";
		};
/* End PBXVariantGroup section */

/* Begin XCBuildConfiguration section */
		A7254EFE272D5DEA00D8D431 /* Debug */ = {
			isa = XCBuildConfiguration;
			buildSettings = {
				ALWAYS_SEARCH_USER_PATHS = NO;
				CLANG_ANALYZER_NONNULL = YES;
				CLANG_ANALYZER_NUMBER_OBJECT_CONVERSION = YES_AGGRESSIVE;
				CLANG_CXX_LANGUAGE_STANDARD = "gnu++17";
				CLANG_CXX_LIBRARY = "libc++";
				CLANG_ENABLE_MODULES = YES;
				CLANG_ENABLE_OBJC_ARC = YES;
				CLANG_ENABLE_OBJC_WEAK = YES;
				CLANG_WARN_BLOCK_CAPTURE_AUTORELEASING = YES;
				CLANG_WARN_BOOL_CONVERSION = YES;
				CLANG_WARN_COMMA = YES;
				CLANG_WARN_CONSTANT_CONVERSION = YES;
				CLANG_WARN_DEPRECATED_OBJC_IMPLEMENTATIONS = YES;
				CLANG_WARN_DIRECT_OBJC_ISA_USAGE = YES_ERROR;
				CLANG_WARN_DOCUMENTATION_COMMENTS = YES;
				CLANG_WARN_EMPTY_BODY = YES;
				CLANG_WARN_ENUM_CONVERSION = YES;
				CLANG_WARN_INFINITE_RECURSION = YES;
				CLANG_WARN_INT_CONVERSION = YES;
				CLANG_WARN_NON_LITERAL_NULL_CONVERSION = YES;
				CLANG_WARN_OBJC_IMPLICIT_RETAIN_SELF = YES;
				CLANG_WARN_OBJC_LITERAL_CONVERSION = YES;
				CLANG_WARN_OBJC_ROOT_CLASS = YES_ERROR;
				CLANG_WARN_QUOTED_INCLUDE_IN_FRAMEWORK_HEADER = YES;
				CLANG_WARN_RANGE_LOOP_ANALYSIS = YES;
				CLANG_WARN_STRICT_PROTOTYPES = YES;
				CLANG_WARN_SUSPICIOUS_MOVE = YES;
				CLANG_WARN_UNGUARDED_AVAILABILITY = YES_AGGRESSIVE;
				CLANG_WARN_UNREACHABLE_CODE = YES;
				CLANG_WARN__DUPLICATE_METHOD_MATCH = YES;
				COPY_PHASE_STRIP = NO;
				DEBUG_INFORMATION_FORMAT = dwarf;
				ENABLE_STRICT_OBJC_MSGSEND = YES;
				ENABLE_TESTABILITY = YES;
				GCC_C_LANGUAGE_STANDARD = gnu11;
				GCC_DYNAMIC_NO_PIC = NO;
				GCC_NO_COMMON_BLOCKS = YES;
				GCC_OPTIMIZATION_LEVEL = 0;
				GCC_PREPROCESSOR_DEFINITIONS = (
					"DEBUG=1",
					"$(inherited)",
				);
				GCC_WARN_64_TO_32_BIT_CONVERSION = YES;
				GCC_WARN_ABOUT_RETURN_TYPE = YES_ERROR;
				GCC_WARN_UNDECLARED_SELECTOR = YES;
				GCC_WARN_UNINITIALIZED_AUTOS = YES_AGGRESSIVE;
				GCC_WARN_UNUSED_FUNCTION = YES;
				GCC_WARN_UNUSED_VARIABLE = YES;
				IPHONEOS_DEPLOYMENT_TARGET = 15.0;
				MTL_ENABLE_DEBUG_INFO = INCLUDE_SOURCE;
				MTL_FAST_MATH = YES;
				ONLY_ACTIVE_ARCH = YES;
				SDKROOT = iphoneos;
			};
			name = Debug;
		};
		A7254EFF272D5DEA00D8D431 /* Release */ = {
			isa = XCBuildConfiguration;
			buildSettings = {
				ALWAYS_SEARCH_USER_PATHS = NO;
				CLANG_ANALYZER_NONNULL = YES;
				CLANG_ANALYZER_NUMBER_OBJECT_CONVERSION = YES_AGGRESSIVE;
				CLANG_CXX_LANGUAGE_STANDARD = "gnu++17";
				CLANG_CXX_LIBRARY = "libc++";
				CLANG_ENABLE_MODULES = YES;
				CLANG_ENABLE_OBJC_ARC = YES;
				CLANG_ENABLE_OBJC_WEAK = YES;
				CLANG_WARN_BLOCK_CAPTURE_AUTORELEASING = YES;
				CLANG_WARN_BOOL_CONVERSION = YES;
				CLANG_WARN_COMMA = YES;
				CLANG_WARN_CONSTANT_CONVERSION = YES;
				CLANG_WARN_DEPRECATED_OBJC_IMPLEMENTATIONS = YES;
				CLANG_WARN_DIRECT_OBJC_ISA_USAGE = YES_ERROR;
				CLANG_WARN_DOCUMENTATION_COMMENTS = YES;
				CLANG_WARN_EMPTY_BODY = YES;
				CLANG_WARN_ENUM_CONVERSION = YES;
				CLANG_WARN_INFINITE_RECURSION = YES;
				CLANG_WARN_INT_CONVERSION = YES;
				CLANG_WARN_NON_LITERAL_NULL_CONVERSION = YES;
				CLANG_WARN_OBJC_IMPLICIT_RETAIN_SELF = YES;
				CLANG_WARN_OBJC_LITERAL_CONVERSION = YES;
				CLANG_WARN_OBJC_ROOT_CLASS = YES_ERROR;
				CLANG_WARN_QUOTED_INCLUDE_IN_FRAMEWORK_HEADER = YES;
				CLANG_WARN_RANGE_LOOP_ANALYSIS = YES;
				CLANG_WARN_STRICT_PROTOTYPES = YES;
				CLANG_WARN_SUSPICIOUS_MOVE = YES;
				CLANG_WARN_UNGUARDED_AVAILABILITY = YES_AGGRESSIVE;
				CLANG_WARN_UNREACHABLE_CODE = YES;
				CLANG_WARN__DUPLICATE_METHOD_MATCH = YES;
				COPY_PHASE_STRIP = NO;
				DEBUG_INFORMATION_FORMAT = "dwarf-with-dsym";
				ENABLE_NS_ASSERTIONS = NO;
				ENABLE_STRICT_OBJC_MSGSEND = YES;
				GCC_C_LANGUAGE_STANDARD = gnu11;
				GCC_NO_COMMON_BLOCKS = YES;
				GCC_WARN_64_TO_32_BIT_CONVERSION = YES;
				GCC_WARN_ABOUT_RETURN_TYPE = YES_ERROR;
				GCC_WARN_UNDECLARED_SELECTOR = YES;
				GCC_WARN_UNINITIALIZED_AUTOS = YES_AGGRESSIVE;
				GCC_WARN_UNUSED_FUNCTION = YES;
				GCC_WARN_UNUSED_VARIABLE = YES;
				IPHONEOS_DEPLOYMENT_TARGET = 15.0;
				MTL_ENABLE_DEBUG_INFO = NO;
				MTL_FAST_MATH = YES;
				SDKROOT = iphoneos;
				VALIDATE_PRODUCT = YES;
			};
			name = Release;
		};
		A7254F01272D5DEA00D8D431 /* Debug */ = {
			isa = XCBuildConfiguration;
			buildSettings = {
				ASSETCATALOG_COMPILER_APPICON_NAME = AppIcon;
				ASSETCATALOG_COMPILER_GLOBAL_ACCENT_COLOR_NAME = AccentColor;
				CODE_SIGN_STYLE = Automatic;
				CURRENT_PROJECT_VERSION = 1;
				DEVELOPMENT_TEAM = 5298RPP2G8;
				GENERATE_INFOPLIST_FILE = YES;
				INFOPLIST_FILE = SortedSquares/Info.plist;
				INFOPLIST_KEY_UIApplicationSupportsIndirectInputEvents = YES;
				INFOPLIST_KEY_UILaunchStoryboardName = LaunchScreen;
				INFOPLIST_KEY_UIMainStoryboardFile = Main;
				INFOPLIST_KEY_UISupportedInterfaceOrientations_iPad = "UIInterfaceOrientationPortrait UIInterfaceOrientationPortraitUpsideDown UIInterfaceOrientationLandscapeLeft UIInterfaceOrientationLandscapeRight";
				INFOPLIST_KEY_UISupportedInterfaceOrientations_iPhone = "UIInterfaceOrientationPortrait UIInterfaceOrientationLandscapeLeft UIInterfaceOrientationLandscapeRight";
				LD_RUNPATH_SEARCH_PATHS = (
					"$(inherited)",
					"@executable_path/Frameworks",
				);
				MARKETING_VERSION = 1.0;
				PRODUCT_BUNDLE_IDENTIFIER = com.jxt.SortedSquares;
				PRODUCT_NAME = "$(TARGET_NAME)";
				SWIFT_EMIT_LOC_STRINGS = YES;
				TARGETED_DEVICE_FAMILY = "1,2";
			};
			name = Debug;
		};
		A7254F02272D5DEA00D8D431 /* Release */ = {
			isa = XCBuildConfiguration;
			buildSettings = {
				ASSETCATALOG_COMPILER_APPICON_NAME = AppIcon;
				ASSETCATALOG_COMPILER_GLOBAL_ACCENT_COLOR_NAME = AccentColor;
				CODE_SIGN_STYLE = Automatic;
				CURRENT_PROJECT_VERSION = 1;
				DEVELOPMENT_TEAM = 5298RPP2G8;
				GENERATE_INFOPLIST_FILE = YES;
				INFOPLIST_FILE = SortedSquares/Info.plist;
				INFOPLIST_KEY_UIApplicationSupportsIndirectInputEvents = YES;
				INFOPLIST_KEY_UILaunchStoryboardName = LaunchScreen;
				INFOPLIST_KEY_UIMainStoryboardFile = Main;
				INFOPLIST_KEY_UISupportedInterfaceOrientations_iPad = "UIInterfaceOrientationPortrait UIInterfaceOrientationPortraitUpsideDown UIInterfaceOrientationLandscapeLeft UIInterfaceOrientationLandscapeRight";
				INFOPLIST_KEY_UISupportedInterfaceOrientations_iPhone = "UIInterfaceOrientationPortrait UIInterfaceOrientationLandscapeLeft UIInterfaceOrientationLandscapeRight";
				LD_RUNPATH_SEARCH_PATHS = (
					"$(inherited)",
					"@executable_path/Frameworks",
				);
				MARKETING_VERSION = 1.0;
				PRODUCT_BUNDLE_IDENTIFIER = com.jxt.SortedSquares;
				PRODUCT_NAME = "$(TARGET_NAME)";
				SWIFT_EMIT_LOC_STRINGS = YES;
				TARGETED_DEVICE_FAMILY = "1,2";
			};
			name = Release;
		};
		A7254F04272D5DEA00D8D431 /* Debug */ = {
			isa = XCBuildConfiguration;
			buildSettings = {
				BUNDLE_LOADER = "$(TEST_HOST)";
				CODE_SIGN_STYLE = Automatic;
				CURRENT_PROJECT_VERSION = 1;
				DEVELOPMENT_TEAM = 5298RPP2G8;
				GENERATE_INFOPLIST_FILE = YES;
				IPHONEOS_DEPLOYMENT_TARGET = 15.0;
				LD_RUNPATH_SEARCH_PATHS = (
					"$(inherited)",
					"@executable_path/Frameworks",
					"@loader_path/Frameworks",
				);
				MARKETING_VERSION = 1.0;
				PRODUCT_BUNDLE_IDENTIFIER = com.jxt.SortedSquaresTests;
				PRODUCT_NAME = "$(TARGET_NAME)";
				SWIFT_EMIT_LOC_STRINGS = NO;
				TARGETED_DEVICE_FAMILY = "1,2";
				TEST_HOST = "$(BUILT_PRODUCTS_DIR)/SortedSquares.app/SortedSquares";
			};
			name = Debug;
		};
		A7254F05272D5DEA00D8D431 /* Release */ = {
			isa = XCBuildConfiguration;
			buildSettings = {
				BUNDLE_LOADER = "$(TEST_HOST)";
				CODE_SIGN_STYLE = Automatic;
				CURRENT_PROJECT_VERSION = 1;
				DEVELOPMENT_TEAM = 5298RPP2G8;
				GENERATE_INFOPLIST_FILE = YES;
				IPHONEOS_DEPLOYMENT_TARGET = 15.0;
				LD_RUNPATH_SEARCH_PATHS = (
					"$(inherited)",
					"@executable_path/Frameworks",
					"@loader_path/Frameworks",
				);
				MARKETING_VERSION = 1.0;
				PRODUCT_BUNDLE_IDENTIFIER = com.jxt.SortedSquaresTests;
				PRODUCT_NAME = "$(TARGET_NAME)";
				SWIFT_EMIT_LOC_STRINGS = NO;
				TARGETED_DEVICE_FAMILY = "1,2";
				TEST_HOST = "$(BUILT_PRODUCTS_DIR)/SortedSquares.app/SortedSquares";
			};
			name = Release;
		};
		A7254F07272D5DEA00D8D431 /* Debug */ = {
			isa = XCBuildConfiguration;
			buildSettings = {
				CODE_SIGN_STYLE = Automatic;
				CURRENT_PROJECT_VERSION = 1;
				DEVELOPMENT_TEAM = 5298RPP2G8;
				GENERATE_INFOPLIST_FILE = YES;
				LD_RUNPATH_SEARCH_PATHS = (
					"$(inherited)",
					"@executable_path/Frameworks",
					"@loader_path/Frameworks",
				);
				MARKETING_VERSION = 1.0;
				PRODUCT_BUNDLE_IDENTIFIER = com.jxt.SortedSquaresUITests;
				PRODUCT_NAME = "$(TARGET_NAME)";
				SWIFT_EMIT_LOC_STRINGS = NO;
				TARGETED_DEVICE_FAMILY = "1,2";
				TEST_TARGET_NAME = SortedSquares;
			};
			name = Debug;
		};
		A7254F08272D5DEA00D8D431 /* Release */ = {
			isa = XCBuildConfiguration;
			buildSettings = {
				CODE_SIGN_STYLE = Automatic;
				CURRENT_PROJECT_VERSION = 1;
				DEVELOPMENT_TEAM = 5298RPP2G8;
				GENERATE_INFOPLIST_FILE = YES;
				LD_RUNPATH_SEARCH_PATHS = (
					"$(inherited)",
					"@executable_path/Frameworks",
					"@loader_path/Frameworks",
				);
				MARKETING_VERSION = 1.0;
				PRODUCT_BUNDLE_IDENTIFIER = com.jxt.SortedSquaresUITests;
				PRODUCT_NAME = "$(TARGET_NAME)";
				SWIFT_EMIT_LOC_STRINGS = NO;
				TARGETED_DEVICE_FAMILY = "1,2";
				TEST_TARGET_NAME = SortedSquares;
			};
			name = Release;
		};
/* End XCBuildConfiguration section */

/* Begin XCConfigurationList section */
		A7254ECC272D5DE700D8D431 /* Build configuration list for PBXProject "SortedSquares" */ = {
			isa = XCConfigurationList;
			buildConfigurations = (
				A7254EFE272D5DEA00D8D431 /* Debug */,
				A7254EFF272D5DEA00D8D431 /* Release */,
			);
			defaultConfigurationIsVisible = 0;
			defaultConfigurationName = Release;
		};
		A7254F00272D5DEA00D8D431 /* Build configuration list for PBXNativeTarget "SortedSquares" */ = {
			isa = XCConfigurationList;
			buildConfigurations = (
				A7254F01272D5DEA00D8D431 /* Debug */,
				A7254F02272D5DEA00D8D431 /* Release */,
			);
			defaultConfigurationIsVisible = 0;
			defaultConfigurationName = Release;
		};
		A7254F03272D5DEA00D8D431 /* Build configuration list for PBXNativeTarget "SortedSquaresTests" */ = {
			isa = XCConfigurationList;
			buildConfigurations = (
				A7254F04272D5DEA00D8D431 /* Debug */,
				A7254F05272D5DEA00D8D431 /* Release */,
			);
			defaultConfigurationIsVisible = 0;
			defaultConfigurationName = Release;
		};
		A7254F06272D5DEA00D8D431 /* Build configuration list for PBXNativeTarget "SortedSquaresUITests" */ = {
			isa = XCConfigurationList;
			buildConfigurations = (
				A7254F07272D5DEA00D8D431 /* Debug */,
				A7254F08272D5DEA00D8D431 /* Release */,
			);
			defaultConfigurationIsVisible = 0;
			defaultConfigurationName = Release;
		};
/* End XCConfigurationList section */
	};
	rootObject = A7254EC9272D5DE700D8D431 /* Project object */;
}
